// !$*UTF8*$!
{
	archiveVersion = 1;
	classes = {
	};
	objectVersion = 46;
	objects = {

/* Begin PBXBuildFile section */
		B37A54CD15C3ECEB00600CEB /* UIKit.framework in Frameworks */ = {isa = PBXBuildFile; fileRef = B37A54CC15C3ECEB00600CEB /* UIKit.framework */; };
		B37A54CF15C3ECEB00600CEB /* Foundation.framework in Frameworks */ = {isa = PBXBuildFile; fileRef = B37A54CE15C3ECEB00600CEB /* Foundation.framework */; };
		B37A54D115C3ECEB00600CEB /* CoreGraphics.framework in Frameworks */ = {isa = PBXBuildFile; fileRef = B37A54D015C3ECEB00600CEB /* CoreGraphics.framework */; };
		B37A54D315C3ECEB00600CEB /* CoreData.framework in Frameworks */ = {isa = PBXBuildFile; fileRef = B37A54D215C3ECEB00600CEB /* CoreData.framework */; };
		B37A54D915C3ECEB00600CEB /* InfoPlist.strings in Resources */ = {isa = PBXBuildFile; fileRef = B37A54D715C3ECEB00600CEB /* InfoPlist.strings */; };
		B37A54DB15C3ECEB00600CEB /* main.m in Sources */ = {isa = PBXBuildFile; fileRef = B37A54DA15C3ECEB00600CEB /* main.m */; };
		B37A54DF15C3ECEB00600CEB /* AppDelegate.m in Sources */ = {isa = PBXBuildFile; fileRef = B37A54DE15C3ECEB00600CEB /* AppDelegate.m */; };
		B37A54E215C3ECEB00600CEB /* SFUITableViewTutorial.xcdatamodeld in Sources */ = {isa = PBXBuildFile; fileRef = B37A54E015C3ECEB00600CEB /* SFUITableViewTutorial.xcdatamodeld */; };
		B37A54EA15C3ECEB00600CEB /* SenTestingKit.framework in Frameworks */ = {isa = PBXBuildFile; fileRef = B37A54E915C3ECEB00600CEB /* SenTestingKit.framework */; };
		B37A54EB15C3ECEB00600CEB /* UIKit.framework in Frameworks */ = {isa = PBXBuildFile; fileRef = B37A54CC15C3ECEB00600CEB /* UIKit.framework */; };
		B37A54EC15C3ECEB00600CEB /* Foundation.framework in Frameworks */ = {isa = PBXBuildFile; fileRef = B37A54CE15C3ECEB00600CEB /* Foundation.framework */; };
		B37A54ED15C3ECEB00600CEB /* CoreData.framework in Frameworks */ = {isa = PBXBuildFile; fileRef = B37A54D215C3ECEB00600CEB /* CoreData.framework */; };
		B37A54F515C3ECEB00600CEB /* InfoPlist.strings in Resources */ = {isa = PBXBuildFile; fileRef = B37A54F315C3ECEB00600CEB /* InfoPlist.strings */; };
		B37A54F815C3ECEB00600CEB /* SFUITableViewTutorialTests.m in Sources */ = {isa = PBXBuildFile; fileRef = B37A54F715C3ECEB00600CEB /* SFUITableViewTutorialTests.m */; };
/* End PBXBuildFile section */

/* Begin PBXContainerItemProxy section */
		B37A54EE15C3ECEB00600CEB /* PBXContainerItemProxy */ = {
			isa = PBXContainerItemProxy;
			containerPortal = B37A54BF15C3ECEB00600CEB /* Project object */;
			proxyType = 1;
			remoteGlobalIDString = B37A54C715C3ECEB00600CEB;
			remoteInfo = SFUITableViewTutorial;
		};
/* End PBXContainerItemProxy section */

/* Begin PBXFileReference section */
		B37A54C815C3ECEB00600CEB /* SFUITableViewTutorial.app */ = {isa = PBXFileReference; explicitFileType = wrapper.application; includeInIndex = 0; path = SFUITableViewTutorial.app; sourceTree = BUILT_PRODUCTS_DIR; };
		B37A54CC15C3ECEB00600CEB /* UIKit.framework */ = {isa = PBXFileReference; lastKnownFileType = wrapper.framework; name = UIKit.framework; path = System/Library/Frameworks/UIKit.framework; sourceTree = SDKROOT; };
		B37A54CE15C3ECEB00600CEB /* Foundation.framework */ = {isa = PBXFileReference; lastKnownFileType = wrapper.framework; name = Foundation.framework; path = System/Library/Frameworks/Foundation.framework; sourceTree = SDKROOT; };
		B37A54D015C3ECEB00600CEB /* CoreGraphics.framework */ = {isa = PBXFileReference; lastKnownFileType = wrapper.framework; name = CoreGraphics.framework; path = System/Library/Frameworks/CoreGraphics.framework; sourceTree = SDKROOT; };
		B37A54D215C3ECEB00600CEB /* CoreData.framework */ = {isa = PBXFileReference; lastKnownFileType = wrapper.framework; name = CoreData.framework; path = System/Library/Frameworks/CoreData.framework; sourceTree = SDKROOT; };
		B37A54D615C3ECEB00600CEB /* SFUITableViewTutorial-Info.plist */ = {isa = PBXFileReference; lastKnownFileType = text.plist.xml; path = "SFUITableViewTutorial-Info.plist"; sourceTree = "<group>"; };
		B37A54D815C3ECEB00600CEB /* en */ = {isa = PBXFileReference; lastKnownFileType = text.plist.strings; name = en; path = en.lproj/InfoPlist.strings; sourceTree = "<group>"; };
		B37A54DA15C3ECEB00600CEB /* main.m */ = {isa = PBXFileReference; lastKnownFileType = sourcecode.c.objc; path = main.m; sourceTree = "<group>"; };
		B37A54DC15C3ECEB00600CEB /* SFUITableViewTutorial-Prefix.pch */ = {isa = PBXFileReference; lastKnownFileType = sourcecode.c.h; path = "SFUITableViewTutorial-Prefix.pch"; sourceTree = "<group>"; };
		B37A54DD15C3ECEB00600CEB /* AppDelegate.h */ = {isa = PBXFileReference; lastKnownFileType = sourcecode.c.h; path = AppDelegate.h; sourceTree = "<group>"; };
		B37A54DE15C3ECEB00600CEB /* AppDelegate.m */ = {isa = PBXFileReference; lastKnownFileType = sourcecode.c.objc; path = AppDelegate.m; sourceTree = "<group>"; };
		B37A54E115C3ECEB00600CEB /* SFUITableViewTutorial.xcdatamodel */ = {isa = PBXFileReference; lastKnownFileType = wrapper.xcdatamodel; path = SFUITableViewTutorial.xcdatamodel; sourceTree = "<group>"; };
		B37A54E815C3ECEB00600CEB /* SFUITableViewTutorialTests.octest */ = {isa = PBXFileReference; explicitFileType = wrapper.cfbundle; includeInIndex = 0; path = SFUITableViewTutorialTests.octest; sourceTree = BUILT_PRODUCTS_DIR; };
		B37A54E915C3ECEB00600CEB /* SenTestingKit.framework */ = {isa = PBXFileReference; lastKnownFileType = wrapper.framework; name = SenTestingKit.framework; path = Library/Frameworks/SenTestingKit.framework; sourceTree = DEVELOPER_DIR; };
		B37A54F215C3ECEB00600CEB /* SFUITableViewTutorialTests-Info.plist */ = {isa = PBXFileReference; lastKnownFileType = text.plist.xml; path = "SFUITableViewTutorialTests-Info.plist"; sourceTree = "<group>"; };
		B37A54F415C3ECEB00600CEB /* en */ = {isa = PBXFileReference; lastKnownFileType = text.plist.strings; name = en; path = en.lproj/InfoPlist.strings; sourceTree = "<group>"; };
		B37A54F615C3ECEB00600CEB /* SFUITableViewTutorialTests.h */ = {isa = PBXFileReference; lastKnownFileType = sourcecode.c.h; path = SFUITableViewTutorialTests.h; sourceTree = "<group>"; };
		B37A54F715C3ECEB00600CEB /* SFUITableViewTutorialTests.m */ = {isa = PBXFileReference; lastKnownFileType = sourcecode.c.objc; path = SFUITableViewTutorialTests.m; sourceTree = "<group>"; };
/* End PBXFileReference section */

/* Begin PBXFrameworksBuildPhase section */
		B37A54C515C3ECEB00600CEB /* Frameworks */ = {
			isa = PBXFrameworksBuildPhase;
			buildActionMask = 2147483647;
			files = (
				B37A54CD15C3ECEB00600CEB /* UIKit.framework in Frameworks */,
				B37A54CF15C3ECEB00600CEB /* Foundation.framework in Frameworks */,
				B37A54D115C3ECEB00600CEB /* CoreGraphics.framework in Frameworks */,
				B37A54D315C3ECEB00600CEB /* CoreData.framework in Frameworks */,
			);
			runOnlyForDeploymentPostprocessing = 0;
		};
		B37A54E415C3ECEB00600CEB /* Frameworks */ = {
			isa = PBXFrameworksBuildPhase;
			buildActionMask = 2147483647;
			files = (
				B37A54EA15C3ECEB00600CEB /* SenTestingKit.framework in Frameworks */,
				B37A54EB15C3ECEB00600CEB /* UIKit.framework in Frameworks */,
				B37A54EC15C3ECEB00600CEB /* Foundation.framework in Frameworks */,
				B37A54ED15C3ECEB00600CEB /* CoreData.framework in Frameworks */,
			);
			runOnlyForDeploymentPostprocessing = 0;
		};
/* End PBXFrameworksBuildPhase section */

/* Begin PBXGroup section */
		B37A54BD15C3ECEB00600CEB = {
			isa = PBXGroup;
			children = (
				B37A54D415C3ECEB00600CEB /* SFUITableViewTutorial */,
				B37A54F015C3ECEB00600CEB /* SFUITableViewTutorialTests */,
				B37A54CB15C3ECEB00600CEB /* Frameworks */,
				B37A54C915C3ECEB00600CEB /* Products */,
			);
			sourceTree = "<group>";
		};
		B37A54C915C3ECEB00600CEB /* Products */ = {
			isa = PBXGroup;
			children = (
				B37A54C815C3ECEB00600CEB /* SFUITableViewTutorial.app */,
				B37A54E815C3ECEB00600CEB /* SFUITableViewTutorialTests.octest */,
			);
			name = Products;
			sourceTree = "<group>";
		};
		B37A54CB15C3ECEB00600CEB /* Frameworks */ = {
			isa = PBXGroup;
			children = (
				B37A54CC15C3ECEB00600CEB /* UIKit.framework */,
				B37A54CE15C3ECEB00600CEB /* Foundation.framework */,
				B37A54D015C3ECEB00600CEB /* CoreGraphics.framework */,
				B37A54D215C3ECEB00600CEB /* CoreData.framework */,
				B37A54E915C3ECEB00600CEB /* SenTestingKit.framework */,
			);
			name = Frameworks;
			sourceTree = "<group>";
		};
		B37A54D415C3ECEB00600CEB /* SFUITableViewTutorial */ = {
			isa = PBXGroup;
			children = (
				B37A54DD15C3ECEB00600CEB /* AppDelegate.h */,
				B37A54DE15C3ECEB00600CEB /* AppDelegate.m */,
				B37A54E015C3ECEB00600CEB /* SFUITableViewTutorial.xcdatamodeld */,
				B37A54D515C3ECEB00600CEB /* Supporting Files */,
			);
			path = SFUITableViewTutorial;
			sourceTree = "<group>";
		};
		B37A54D515C3ECEB00600CEB /* Supporting Files */ = {
			isa = PBXGroup;
			children = (
				B37A54D615C3ECEB00600CEB /* SFUITableViewTutorial-Info.plist */,
				B37A54D715C3ECEB00600CEB /* InfoPlist.strings */,
				B37A54DA15C3ECEB00600CEB /* main.m */,
				B37A54DC15C3ECEB00600CEB /* SFUITableViewTutorial-Prefix.pch */,
			);
			name = "Supporting Files";
			sourceTree = "<group>";
		};
		B37A54F015C3ECEB00600CEB /* SFUITableViewTutorialTests */ = {
			isa = PBXGroup;
			children = (
				B37A54F615C3ECEB00600CEB /* SFUITableViewTutorialTests.h */,
				B37A54F715C3ECEB00600CEB /* SFUITableViewTutorialTests.m */,
				B37A54F115C3ECEB00600CEB /* Supporting Files */,
			);
			path = SFUITableViewTutorialTests;
			sourceTree = "<group>";
		};
		B37A54F115C3ECEB00600CEB /* Supporting Files */ = {
			isa = PBXGroup;
			children = (
				B37A54F215C3ECEB00600CEB /* SFUITableViewTutorialTests-Info.plist */,
				B37A54F315C3ECEB00600CEB /* InfoPlist.strings */,
			);
			name = "Supporting Files";
			sourceTree = "<group>";
		};
/* End PBXGroup section */

/* Begin PBXNativeTarget section */
		B37A54C715C3ECEB00600CEB /* SFUITableViewTutorial */ = {
			isa = PBXNativeTarget;
			buildConfigurationList = B37A54FB15C3ECEB00600CEB /* Build configuration list for PBXNativeTarget "SFUITableViewTutorial" */;
			buildPhases = (
				B37A54C415C3ECEB00600CEB /* Sources */,
				B37A54C515C3ECEB00600CEB /* Frameworks */,
				B37A54C615C3ECEB00600CEB /* Resources */,
			);
			buildRules = (
			);
			dependencies = (
			);
			name = SFUITableViewTutorial;
			productName = SFUITableViewTutorial;
			productReference = B37A54C815C3ECEB00600CEB /* SFUITableViewTutorial.app */;
			productType = "com.apple.product-type.application";
		};
		B37A54E715C3ECEB00600CEB /* SFUITableViewTutorialTests */ = {
			isa = PBXNativeTarget;
			buildConfigurationList = B37A54FE15C3ECEB00600CEB /* Build configuration list for PBXNativeTarget "SFUITableViewTutorialTests" */;
			buildPhases = (
				B37A54E315C3ECEB00600CEB /* Sources */,
				B37A54E415C3ECEB00600CEB /* Frameworks */,
				B37A54E515C3ECEB00600CEB /* Resources */,
				B37A54E615C3ECEB00600CEB /* ShellScript */,
			);
			buildRules = (
			);
			dependencies = (
				B37A54EF15C3ECEB00600CEB /* PBXTargetDependency */,
			);
			name = SFUITableViewTutorialTests;
			productName = SFUITableViewTutorialTests;
			productReference = B37A54E815C3ECEB00600CEB /* SFUITableViewTutorialTests.octest */;
			productType = "com.apple.product-type.bundle";
		};
/* End PBXNativeTarget section */

/* Begin PBXProject section */
		B37A54BF15C3ECEB00600CEB /* Project object */ = {
			isa = PBXProject;
			attributes = {
				LastUpgradeCheck = 0440;
				ORGANIZATIONNAME = "SungKwang Song";
			};
			buildConfigurationList = B37A54C215C3ECEB00600CEB /* Build configuration list for PBXProject "SFUITableViewTutorial" */;
			compatibilityVersion = "Xcode 3.2";
			developmentRegion = English;
			hasScannedForEncodings = 0;
			knownRegions = (
				en,
			);
			mainGroup = B37A54BD15C3ECEB00600CEB;
			productRefGroup = B37A54C915C3ECEB00600CEB /* Products */;
			projectDirPath = "";
			projectRoot = "";
			targets = (
				B37A54C715C3ECEB00600CEB /* SFUITableViewTutorial */,
				B37A54E715C3ECEB00600CEB /* SFUITableViewTutorialTests */,
			);
		};
/* End PBXProject section */

/* Begin PBXResourcesBuildPhase section */
		B37A54C615C3ECEB00600CEB /* Resources */ = {
			isa = PBXResourcesBuildPhase;
			buildActionMask = 2147483647;
			files = (
				B37A54D915C3ECEB00600CEB /* InfoPlist.strings in Resources */,
			);
			runOnlyForDeploymentPostprocessing = 0;
		};
		B37A54E515C3ECEB00600CEB /* Resources */ = {
			isa = PBXResourcesBuildPhase;
			buildActionMask = 2147483647;
			files = (
				B37A54F515C3ECEB00600CEB /* InfoPlist.strings in Resources */,
			);
			runOnlyForDeploymentPostprocessing = 0;
		};
/* End PBXResourcesBuildPhase section */

/* Begin PBXShellScriptBuildPhase section */
		B37A54E615C3ECEB00600CEB /* ShellScript */ = {
			isa = PBXShellScriptBuildPhase;
			buildActionMask = 2147483647;
			files = (
			);
			inputPaths = (
			);
			outputPaths = (
			);
			runOnlyForDeploymentPostprocessing = 0;
			shellPath = /bin/sh;
			shellScript = "# Run the unit tests in this test bundle.\n\"${SYSTEM_DEVELOPER_DIR}/Tools/RunUnitTests\"\n";
		};
/* End PBXShellScriptBuildPhase section */

/* Begin PBXSourcesBuildPhase section */
		B37A54C415C3ECEB00600CEB /* Sources */ = {
			isa = PBXSourcesBuildPhase;
			buildActionMask = 2147483647;
			files = (
				B37A54DB15C3ECEB00600CEB /* main.m in Sources */,
				B37A54DF15C3ECEB00600CEB /* AppDelegate.m in Sources */,
				B37A54E215C3ECEB00600CEB /* SFUITableViewTutorial.xcdatamodeld in Sources */,
			);
			runOnlyForDeploymentPostprocessing = 0;
		};
		B37A54E315C3ECEB00600CEB /* Sources */ = {
			isa = PBXSourcesBuildPhase;
			buildActionMask = 2147483647;
			files = (
				B37A54F815C3ECEB00600CEB /* SFUITableViewTutorialTests.m in Sources */,
			);
			runOnlyForDeploymentPostprocessing = 0;
		};
/* End PBXSourcesBuildPhase section */

/* Begin PBXTargetDependency section */
		B37A54EF15C3ECEB00600CEB /* PBXTargetDependency */ = {
			isa = PBXTargetDependency;
			target = B37A54C715C3ECEB00600CEB /* SFUITableViewTutorial */;
			targetProxy = B37A54EE15C3ECEB00600CEB /* PBXContainerItemProxy */;
		};
/* End PBXTargetDependency section */

/* Begin PBXVariantGroup section */
		B37A54D715C3ECEB00600CEB /* InfoPlist.strings */ = {
			isa = PBXVariantGroup;
			children = (
				B37A54D815C3ECEB00600CEB /* en */,
			);
			name = InfoPlist.strings;
			sourceTree = "<group>";
		};
		B37A54F315C3ECEB00600CEB /* InfoPlist.strings */ = {
			isa = PBXVariantGroup;
			children = (
				B37A54F415C3ECEB00600CEB /* en */,
			);
			name = InfoPlist.strings;
			sourceTree = "<group>";
		};
/* End PBXVariantGroup section */

/* Begin XCBuildConfiguration section */
		B37A54F915C3ECEB00600CEB /* Debug */ = {
			isa = XCBuildConfiguration;
			buildSettings = {
				ALWAYS_SEARCH_USER_PATHS = NO;
				ARCHS = "$(ARCHS_STANDARD_32_BIT)";
				CLANG_CXX_LANGUAGE_STANDARD = "gnu++0x";
				CLANG_ENABLE_OBJC_ARC = YES;
				CLANG_WARN__DUPLICATE_METHOD_MATCH = YES;
				"CODE_SIGN_IDENTITY[sdk=iphoneos*]" = "iPhone Developer";
				COPY_PHASE_STRIP = NO;
				GCC_C_LANGUAGE_STANDARD = gnu99;
				GCC_DYNAMIC_NO_PIC = NO;
				GCC_OPTIMIZATION_LEVEL = 0;
				GCC_PREPROCESSOR_DEFINITIONS = (
					"DEBUG=1",
					"$(inherited)",
				);
				GCC_SYMBOLS_PRIVATE_EXTERN = NO;
				GCC_VERSION = com.apple.compilers.llvm.clang.1_0;
				GCC_WARN_ABOUT_RETURN_TYPE = YES;
				GCC_WARN_UNINITIALIZED_AUTOS = YES;
				GCC_WARN_UNUSED_VARIABLE = YES;
				IPHONEOS_DEPLOYMENT_TARGET = 5.1;
				SDKROOT = iphoneos;
			};
			name = Debug;
		};
		B37A54FA15C3ECEB00600CEB /* Release */ = {
			isa = XCBuildConfiguration;
			buildSettings = {
				ALWAYS_SEARCH_USER_PATHS = NO;
				ARCHS = "$(ARCHS_STANDARD_32_BIT)";
				CLANG_CXX_LANGUAGE_STANDARD = "gnu++0x";
				CLANG_ENABLE_OBJC_ARC = YES;
				CLANG_WARN__DUPLICATE_METHOD_MATCH = YES;
				"CODE_SIGN_IDENTITY[sdk=iphoneos*]" = "iPhone Developer";
				COPY_PHASE_STRIP = YES;
				GCC_C_LANGUAGE_STANDARD = gnu99;
				GCC_VERSION = com.apple.compilers.llvm.clang.1_0;
				GCC_WARN_ABOUT_RETURN_TYPE = YES;
				GCC_WARN_UNINITIALIZED_AUTOS = YES;
				GCC_WARN_UNUSED_VARIABLE = YES;
				IPHONEOS_DEPLOYMENT_TARGET = 5.1;
				OTHER_CFLAGS = "-DNS_BLOCK_ASSERTIONS=1";
				SDKROOT = iphoneos;
				VALIDATE_PRODUCT = YES;
			};
			name = Release;
		};
		B37A54FC15C3ECEB00600CEB /* Debug */ = {
			isa = XCBuildConfiguration;
			buildSettings = {
				GCC_PRECOMPILE_PREFIX_HEADER = YES;
				GCC_PREFIX_HEADER = "SFUITableViewTutorial/SFUITableViewTutorial-Prefix.pch";
				INFOPLIST_FILE = "SFUITableViewTutorial/SFUITableViewTutorial-Info.plist";
				PRODUCT_NAME = "$(TARGET_NAME)";
				WRAPPER_EXTENSION = app;
			};
			name = Debug;
		};
		B37A54FD15C3ECEB00600CEB /* Release */ = {
			isa = XCBuildConfiguration;
			buildSettings = {
				GCC_PRECOMPILE_PREFIX_HEADER = YES;
				GCC_PREFIX_HEADER = "SFUITableViewTutorial/SFUITableViewTutorial-Prefix.pch";
				INFOPLIST_FILE = "SFUITableViewTutorial/SFUITableViewTutorial-Info.plist";
				PRODUCT_NAME = "$(TARGET_NAME)";
				WRAPPER_EXTENSION = app;
			};
			name = Release;
		};
		B37A54FF15C3ECEB00600CEB /* Debug */ = {
			isa = XCBuildConfiguration;
			buildSettings = {
				BUNDLE_LOADER = "$(BUILT_PRODUCTS_DIR)/SFUITableViewTutorial.app/SFUITableViewTutorial";
				FRAMEWORK_SEARCH_PATHS = (
					"\"$(SDKROOT)/Developer/Library/Frameworks\"",
					"\"$(DEVELOPER_LIBRARY_DIR)/Frameworks\"",
				);
				GCC_PRECOMPILE_PREFIX_HEADER = YES;
				GCC_PREFIX_HEADER = "SFUITableViewTutorial/SFUITableViewTutorial-Prefix.pch";
				INFOPLIST_FILE = "SFUITableViewTutorialTests/SFUITableViewTutorialTests-Info.plist";
				PRODUCT_NAME = "$(TARGET_NAME)";
				TEST_HOST = "$(BUNDLE_LOADER)";
				WRAPPER_EXTENSION = octest;
			};
			name = Debug;
		};
		B37A550015C3ECEB00600CEB /* Release */ = {
			isa = XCBuildConfiguration;
			buildSettings = {
				BUNDLE_LOADER = "$(BUILT_PRODUCTS_DIR)/SFUITableViewTutorial.app/SFUITableViewTutorial";
				FRAMEWORK_SEARCH_PATHS = (
					"\"$(SDKROOT)/Developer/Library/Frameworks\"",
					"\"$(DEVELOPER_LIBRARY_DIR)/Frameworks\"",
				);
				GCC_PRECOMPILE_PREFIX_HEADER = YES;
				GCC_PREFIX_HEADER = "SFUITableViewTutorial/SFUITableViewTutorial-Prefix.pch";
				INFOPLIST_FILE = "SFUITableViewTutorialTests/SFUITableViewTutorialTests-Info.plist";
				PRODUCT_NAME = "$(TARGET_NAME)";
				TEST_HOST = "$(BUNDLE_LOADER)";
				WRAPPER_EXTENSION = octest;
			};
			name = Release;
		};
/* End XCBuildConfiguration section */

/* Begin XCConfigurationList section */
		B37A54C215C3ECEB00600CEB /* Build configuration list for PBXProject "SFUITableViewTutorial" */ = {
			isa = XCConfigurationList;
			buildConfigurations = (
				B37A54F915C3ECEB00600CEB /* Debug */,
				B37A54FA15C3ECEB00600CEB /* Release */,
			);
			defaultConfigurationIsVisible = 0;
			defaultConfigurationName = Release;
		};
		B37A54FB15C3ECEB00600CEB /* Build configuration list for PBXNativeTarget "SFUITableViewTutorial" */ = {
			isa = XCConfigurationList;
			buildConfigurations = (
				B37A54FC15C3ECEB00600CEB /* Debug */,
				B37A54FD15C3ECEB00600CEB /* Release */,
			);
			defaultConfigurationIsVisible = 0;
		};
		B37A54FE15C3ECEB00600CEB /* Build configuration list for PBXNativeTarget "SFUITableViewTutorialTests" */ = {
			isa = XCConfigurationList;
			buildConfigurations = (
				B37A54FF15C3ECEB00600CEB /* Debug */,
				B37A550015C3ECEB00600CEB /* Release */,
			);
			defaultConfigurationIsVisible = 0;
		};
/* End XCConfigurationList section */

/* Begin XCVersionGroup section */
		B37A54E015C3ECEB00600CEB /* SFUITableViewTutorial.xcdatamodeld */ = {
			isa = XCVersionGroup;
			children = (
				B37A54E115C3ECEB00600CEB /* SFUITableViewTutorial.xcdatamodel */,
			);
			currentVersion = B37A54E115C3ECEB00600CEB /* SFUITableViewTutorial.xcdatamodel */;
			path = SFUITableViewTutorial.xcdatamodeld;
			sourceTree = "<group>";
			versionGroupType = wrapper.xcdatamodel;
		};
/* End XCVersionGroup section */
	};
	rootObject = B37A54BF15C3ECEB00600CEB /* Project object */;
}
