// !$*UTF8*$!
{
	archiveVersion = 1;
	classes = {
	};
	objectVersion = 46;
	objects = {

/* Begin PBXBuildFile section */
		B38CF41B14762A2C006E3CE4 /* UIKit.framework in Frameworks */ = {isa = PBXBuildFile; fileRef = B38CF41A14762A2C006E3CE4 /* UIKit.framework */; };
		B38CF41D14762A2C006E3CE4 /* Foundation.framework in Frameworks */ = {isa = PBXBuildFile; fileRef = B38CF41C14762A2C006E3CE4 /* Foundation.framework */; };
		B38CF41F14762A2C006E3CE4 /* CoreGraphics.framework in Frameworks */ = {isa = PBXBuildFile; fileRef = B38CF41E14762A2C006E3CE4 /* CoreGraphics.framework */; };
		B38CF42514762A2C006E3CE4 /* InfoPlist.strings in Resources */ = {isa = PBXBuildFile; fileRef = B38CF42314762A2C006E3CE4 /* InfoPlist.strings */; };
		B38CF42714762A2C006E3CE4 /* main.m in Sources */ = {isa = PBXBuildFile; fileRef = B38CF42614762A2C006E3CE4 /* main.m */; };
		B38CF42B14762A2C006E3CE4 /* AppDelegate.m in Sources */ = {isa = PBXBuildFile; fileRef = B38CF42A14762A2C006E3CE4 /* AppDelegate.m */; };
		B38CF42E14762A2C006E3CE4 /* MasterViewController.m in Sources */ = {isa = PBXBuildFile; fileRef = B38CF42D14762A2C006E3CE4 /* MasterViewController.m */; };
		B38CF43114762A2C006E3CE4 /* DetailViewController.m in Sources */ = {isa = PBXBuildFile; fileRef = B38CF43014762A2C006E3CE4 /* DetailViewController.m */; };
		B38CF43414762A2C006E3CE4 /* MasterViewController.xib in Resources */ = {isa = PBXBuildFile; fileRef = B38CF43214762A2C006E3CE4 /* MasterViewController.xib */; };
		B38CF43714762A2C006E3CE4 /* DetailViewController.xib in Resources */ = {isa = PBXBuildFile; fileRef = B38CF43514762A2C006E3CE4 /* DetailViewController.xib */; };
		B38CF43F14762A2D006E3CE4 /* SenTestingKit.framework in Frameworks */ = {isa = PBXBuildFile; fileRef = B38CF43E14762A2D006E3CE4 /* SenTestingKit.framework */; };
		B38CF44014762A2D006E3CE4 /* UIKit.framework in Frameworks */ = {isa = PBXBuildFile; fileRef = B38CF41A14762A2C006E3CE4 /* UIKit.framework */; };
		B38CF44114762A2D006E3CE4 /* Foundation.framework in Frameworks */ = {isa = PBXBuildFile; fileRef = B38CF41C14762A2C006E3CE4 /* Foundation.framework */; };
		B38CF44914762A2D006E3CE4 /* InfoPlist.strings in Resources */ = {isa = PBXBuildFile; fileRef = B38CF44714762A2D006E3CE4 /* InfoPlist.strings */; };
		B38CF44C14762A2D006E3CE4 /* Saltfactory_iOS_TutorialTests.m in Sources */ = {isa = PBXBuildFile; fileRef = B38CF44B14762A2D006E3CE4 /* Saltfactory_iOS_TutorialTests.m */; };
		B38CF45614762AB8006E3CE4 /* Twitter.framework in Frameworks */ = {isa = PBXBuildFile; fileRef = B38CF45514762AB8006E3CE4 /* Twitter.framework */; };
/* End PBXBuildFile section */

/* Begin PBXContainerItemProxy section */
		B38CF44214762A2D006E3CE4 /* PBXContainerItemProxy */ = {
			isa = PBXContainerItemProxy;
			containerPortal = B38CF40D14762A2C006E3CE4 /* Project object */;
			proxyType = 1;
			remoteGlobalIDString = B38CF41514762A2C006E3CE4;
			remoteInfo = Saltfactory_iOS_Tutorial;
		};
/* End PBXContainerItemProxy section */

/* Begin PBXFileReference section */
		B38CF41614762A2C006E3CE4 /* Saltfactory_iOS_Tutorial.app */ = {isa = PBXFileReference; explicitFileType = wrapper.application; includeInIndex = 0; path = Saltfactory_iOS_Tutorial.app; sourceTree = BUILT_PRODUCTS_DIR; };
		B38CF41A14762A2C006E3CE4 /* UIKit.framework */ = {isa = PBXFileReference; lastKnownFileType = wrapper.framework; name = UIKit.framework; path = System/Library/Frameworks/UIKit.framework; sourceTree = SDKROOT; };
		B38CF41C14762A2C006E3CE4 /* Foundation.framework */ = {isa = PBXFileReference; lastKnownFileType = wrapper.framework; name = Foundation.framework; path = System/Library/Frameworks/Foundation.framework; sourceTree = SDKROOT; };
		B38CF41E14762A2C006E3CE4 /* CoreGraphics.framework */ = {isa = PBXFileReference; lastKnownFileType = wrapper.framework; name = CoreGraphics.framework; path = System/Library/Frameworks/CoreGraphics.framework; sourceTree = SDKROOT; };
		B38CF42214762A2C006E3CE4 /* Saltfactory_iOS_Tutorial-Info.plist */ = {isa = PBXFileReference; lastKnownFileType = text.plist.xml; path = "Saltfactory_iOS_Tutorial-Info.plist"; sourceTree = "<group>"; };
		B38CF42414762A2C006E3CE4 /* en */ = {isa = PBXFileReference; lastKnownFileType = text.plist.strings; name = en; path = en.lproj/InfoPlist.strings; sourceTree = "<group>"; };
		B38CF42614762A2C006E3CE4 /* main.m */ = {isa = PBXFileReference; lastKnownFileType = sourcecode.c.objc; path = main.m; sourceTree = "<group>"; };
		B38CF42814762A2C006E3CE4 /* Saltfactory_iOS_Tutorial-Prefix.pch */ = {isa = PBXFileReference; lastKnownFileType = sourcecode.c.h; path = "Saltfactory_iOS_Tutorial-Prefix.pch"; sourceTree = "<group>"; };
		B38CF42914762A2C006E3CE4 /* AppDelegate.h */ = {isa = PBXFileReference; lastKnownFileType = sourcecode.c.h; path = AppDelegate.h; sourceTree = "<group>"; };
		B38CF42A14762A2C006E3CE4 /* AppDelegate.m */ = {isa = PBXFileReference; lastKnownFileType = sourcecode.c.objc; path = AppDelegate.m; sourceTree = "<group>"; };
		B38CF42C14762A2C006E3CE4 /* MasterViewController.h */ = {isa = PBXFileReference; lastKnownFileType = sourcecode.c.h; path = MasterViewController.h; sourceTree = "<group>"; };
		B38CF42D14762A2C006E3CE4 /* MasterViewController.m */ = {isa = PBXFileReference; lastKnownFileType = sourcecode.c.objc; path = MasterViewController.m; sourceTree = "<group>"; };
		B38CF42F14762A2C006E3CE4 /* DetailViewController.h */ = {isa = PBXFileReference; lastKnownFileType = sourcecode.c.h; path = DetailViewController.h; sourceTree = "<group>"; };
		B38CF43014762A2C006E3CE4 /* DetailViewController.m */ = {isa = PBXFileReference; lastKnownFileType = sourcecode.c.objc; path = DetailViewController.m; sourceTree = "<group>"; };
		B38CF43314762A2C006E3CE4 /* en */ = {isa = PBXFileReference; lastKnownFileType = file.xib; name = en; path = en.lproj/MasterViewController.xib; sourceTree = "<group>"; };
		B38CF43614762A2C006E3CE4 /* en */ = {isa = PBXFileReference; lastKnownFileType = file.xib; name = en; path = en.lproj/DetailViewController.xib; sourceTree = "<group>"; };
		B38CF43D14762A2D006E3CE4 /* Saltfactory_iOS_TutorialTests.octest */ = {isa = PBXFileReference; explicitFileType = wrapper.cfbundle; includeInIndex = 0; path = Saltfactory_iOS_TutorialTests.octest; sourceTree = BUILT_PRODUCTS_DIR; };
		B38CF43E14762A2D006E3CE4 /* SenTestingKit.framework */ = {isa = PBXFileReference; lastKnownFileType = wrapper.framework; name = SenTestingKit.framework; path = Library/Frameworks/SenTestingKit.framework; sourceTree = DEVELOPER_DIR; };
		B38CF44614762A2D006E3CE4 /* Saltfactory_iOS_TutorialTests-Info.plist */ = {isa = PBXFileReference; lastKnownFileType = text.plist.xml; path = "Saltfactory_iOS_TutorialTests-Info.plist"; sourceTree = "<group>"; };
		B38CF44814762A2D006E3CE4 /* en */ = {isa = PBXFileReference; lastKnownFileType = text.plist.strings; name = en; path = en.lproj/InfoPlist.strings; sourceTree = "<group>"; };
		B38CF44A14762A2D006E3CE4 /* Saltfactory_iOS_TutorialTests.h */ = {isa = PBXFileReference; lastKnownFileType = sourcecode.c.h; path = Saltfactory_iOS_TutorialTests.h; sourceTree = "<group>"; };
		B38CF44B14762A2D006E3CE4 /* Saltfactory_iOS_TutorialTests.m */ = {isa = PBXFileReference; lastKnownFileType = sourcecode.c.objc; path = Saltfactory_iOS_TutorialTests.m; sourceTree = "<group>"; };
		B38CF45514762AB8006E3CE4 /* Twitter.framework */ = {isa = PBXFileReference; lastKnownFileType = wrapper.framework; name = Twitter.framework; path = System/Library/Frameworks/Twitter.framework; sourceTree = SDKROOT; };
/* End PBXFileReference section */

/* Begin PBXFrameworksBuildPhase section */
		B38CF41314762A2C006E3CE4 /* Frameworks */ = {
			isa = PBXFrameworksBuildPhase;
			buildActionMask = 2147483647;
			files = (
				B38CF45614762AB8006E3CE4 /* Twitter.framework in Frameworks */,
				B38CF41B14762A2C006E3CE4 /* UIKit.framework in Frameworks */,
				B38CF41D14762A2C006E3CE4 /* Foundation.framework in Frameworks */,
				B38CF41F14762A2C006E3CE4 /* CoreGraphics.framework in Frameworks */,
			);
			runOnlyForDeploymentPostprocessing = 0;
		};
		B38CF43914762A2D006E3CE4 /* Frameworks */ = {
			isa = PBXFrameworksBuildPhase;
			buildActionMask = 2147483647;
			files = (
				B38CF43F14762A2D006E3CE4 /* SenTestingKit.framework in Frameworks */,
				B38CF44014762A2D006E3CE4 /* UIKit.framework in Frameworks */,
				B38CF44114762A2D006E3CE4 /* Foundation.framework in Frameworks */,
			);
			runOnlyForDeploymentPostprocessing = 0;
		};
/* End PBXFrameworksBuildPhase section */

/* Begin PBXGroup section */
		B38CF40B14762A2C006E3CE4 = {
			isa = PBXGroup;
			children = (
				B38CF45514762AB8006E3CE4 /* Twitter.framework */,
				B38CF42014762A2C006E3CE4 /* Saltfactory_iOS_Tutorial */,
				B38CF44414762A2D006E3CE4 /* Saltfactory_iOS_TutorialTests */,
				B38CF41914762A2C006E3CE4 /* Frameworks */,
				B38CF41714762A2C006E3CE4 /* Products */,
			);
			sourceTree = "<group>";
		};
		B38CF41714762A2C006E3CE4 /* Products */ = {
			isa = PBXGroup;
			children = (
				B38CF41614762A2C006E3CE4 /* Saltfactory_iOS_Tutorial.app */,
				B38CF43D14762A2D006E3CE4 /* Saltfactory_iOS_TutorialTests.octest */,
			);
			name = Products;
			sourceTree = "<group>";
		};
		B38CF41914762A2C006E3CE4 /* Frameworks */ = {
			isa = PBXGroup;
			children = (
				B38CF41A14762A2C006E3CE4 /* UIKit.framework */,
				B38CF41C14762A2C006E3CE4 /* Foundation.framework */,
				B38CF41E14762A2C006E3CE4 /* CoreGraphics.framework */,
				B38CF43E14762A2D006E3CE4 /* SenTestingKit.framework */,
			);
			name = Frameworks;
			sourceTree = "<group>";
		};
		B38CF42014762A2C006E3CE4 /* Saltfactory_iOS_Tutorial */ = {
			isa = PBXGroup;
			children = (
				B38CF42914762A2C006E3CE4 /* AppDelegate.h */,
				B38CF42A14762A2C006E3CE4 /* AppDelegate.m */,
				B38CF42C14762A2C006E3CE4 /* MasterViewController.h */,
				B38CF42D14762A2C006E3CE4 /* MasterViewController.m */,
				B38CF42F14762A2C006E3CE4 /* DetailViewController.h */,
				B38CF43014762A2C006E3CE4 /* DetailViewController.m */,
				B38CF43214762A2C006E3CE4 /* MasterViewController.xib */,
				B38CF43514762A2C006E3CE4 /* DetailViewController.xib */,
				B38CF42114762A2C006E3CE4 /* Supporting Files */,
			);
			path = Saltfactory_iOS_Tutorial;
			sourceTree = "<group>";
		};
		B38CF42114762A2C006E3CE4 /* Supporting Files */ = {
			isa = PBXGroup;
			children = (
				B38CF42214762A2C006E3CE4 /* Saltfactory_iOS_Tutorial-Info.plist */,
				B38CF42314762A2C006E3CE4 /* InfoPlist.strings */,
				B38CF42614762A2C006E3CE4 /* main.m */,
				B38CF42814762A2C006E3CE4 /* Saltfactory_iOS_Tutorial-Prefix.pch */,
			);
			name = "Supporting Files";
			sourceTree = "<group>";
		};
		B38CF44414762A2D006E3CE4 /* Saltfactory_iOS_TutorialTests */ = {
			isa = PBXGroup;
			children = (
				B38CF44A14762A2D006E3CE4 /* Saltfactory_iOS_TutorialTests.h */,
				B38CF44B14762A2D006E3CE4 /* Saltfactory_iOS_TutorialTests.m */,
				B38CF44514762A2D006E3CE4 /* Supporting Files */,
			);
			path = Saltfactory_iOS_TutorialTests;
			sourceTree = "<group>";
		};
		B38CF44514762A2D006E3CE4 /* Supporting Files */ = {
			isa = PBXGroup;
			children = (
				B38CF44614762A2D006E3CE4 /* Saltfactory_iOS_TutorialTests-Info.plist */,
				B38CF44714762A2D006E3CE4 /* InfoPlist.strings */,
			);
			name = "Supporting Files";
			sourceTree = "<group>";
		};
/* End PBXGroup section */

/* Begin PBXNativeTarget section */
		B38CF41514762A2C006E3CE4 /* Saltfactory_iOS_Tutorial */ = {
			isa = PBXNativeTarget;
			buildConfigurationList = B38CF44F14762A2D006E3CE4 /* Build configuration list for PBXNativeTarget "Saltfactory_iOS_Tutorial" */;
			buildPhases = (
				B38CF41214762A2C006E3CE4 /* Sources */,
				B38CF41314762A2C006E3CE4 /* Frameworks */,
				B38CF41414762A2C006E3CE4 /* Resources */,
			);
			buildRules = (
			);
			dependencies = (
			);
			name = Saltfactory_iOS_Tutorial;
			productName = Saltfactory_iOS_Tutorial;
			productReference = B38CF41614762A2C006E3CE4 /* Saltfactory_iOS_Tutorial.app */;
			productType = "com.apple.product-type.application";
		};
		B38CF43C14762A2D006E3CE4 /* Saltfactory_iOS_TutorialTests */ = {
			isa = PBXNativeTarget;
			buildConfigurationList = B38CF45214762A2D006E3CE4 /* Build configuration list for PBXNativeTarget "Saltfactory_iOS_TutorialTests" */;
			buildPhases = (
				B38CF43814762A2D006E3CE4 /* Sources */,
				B38CF43914762A2D006E3CE4 /* Frameworks */,
				B38CF43A14762A2D006E3CE4 /* Resources */,
				B38CF43B14762A2D006E3CE4 /* ShellScript */,
			);
			buildRules = (
			);
			dependencies = (
				B38CF44314762A2D006E3CE4 /* PBXTargetDependency */,
			);
			name = Saltfactory_iOS_TutorialTests;
			productName = Saltfactory_iOS_TutorialTests;
			productReference = B38CF43D14762A2D006E3CE4 /* Saltfactory_iOS_TutorialTests.octest */;
			productType = "com.apple.product-type.bundle";
		};
/* End PBXNativeTarget section */

/* Begin PBXProject section */
		B38CF40D14762A2C006E3CE4 /* Project object */ = {
			isa = PBXProject;
			attributes = {
				LastUpgradeCheck = 0420;
				ORGANIZATIONNAME = "saltfactory@gmail.com";
			};
			buildConfigurationList = B38CF41014762A2C006E3CE4 /* Build configuration list for PBXProject "Saltfactory_iOS_Tutorial" */;
			compatibilityVersion = "Xcode 3.2";
			developmentRegion = English;
			hasScannedForEncodings = 0;
			knownRegions = (
				en,
			);
			mainGroup = B38CF40B14762A2C006E3CE4;
			productRefGroup = B38CF41714762A2C006E3CE4 /* Products */;
			projectDirPath = "";
			projectRoot = "";
			targets = (
				B38CF41514762A2C006E3CE4 /* Saltfactory_iOS_Tutorial */,
				B38CF43C14762A2D006E3CE4 /* Saltfactory_iOS_TutorialTests */,
			);
		};
/* End PBXProject section */

/* Begin PBXResourcesBuildPhase section */
		B38CF41414762A2C006E3CE4 /* Resources */ = {
			isa = PBXResourcesBuildPhase;
			buildActionMask = 2147483647;
			files = (
				B38CF42514762A2C006E3CE4 /* InfoPlist.strings in Resources */,
				B38CF43414762A2C006E3CE4 /* MasterViewController.xib in Resources */,
				B38CF43714762A2C006E3CE4 /* DetailViewController.xib in Resources */,
			);
			runOnlyForDeploymentPostprocessing = 0;
		};
		B38CF43A14762A2D006E3CE4 /* Resources */ = {
			isa = PBXResourcesBuildPhase;
			buildActionMask = 2147483647;
			files = (
				B38CF44914762A2D006E3CE4 /* InfoPlist.strings in Resources */,
			);
			runOnlyForDeploymentPostprocessing = 0;
		};
/* End PBXResourcesBuildPhase section */

/* Begin PBXShellScriptBuildPhase section */
		B38CF43B14762A2D006E3CE4 /* ShellScript */ = {
			isa = PBXShellScriptBuildPhase;
			buildActionMask = 2147483647;
			files = (
			);
			inputPaths = (
			);
			outputPaths = (
			);
			runOnlyForDeploymentPostprocessing = 0;
			shellPath = /bin/sh;
			shellScript = "# Run the unit tests in this test bundle.\n\"${SYSTEM_DEVELOPER_DIR}/Tools/RunUnitTests\"\n";
		};
/* End PBXShellScriptBuildPhase section */

/* Begin PBXSourcesBuildPhase section */
		B38CF41214762A2C006E3CE4 /* Sources */ = {
			isa = PBXSourcesBuildPhase;
			buildActionMask = 2147483647;
			files = (
				B38CF42714762A2C006E3CE4 /* main.m in Sources */,
				B38CF42B14762A2C006E3CE4 /* AppDelegate.m in Sources */,
				B38CF42E14762A2C006E3CE4 /* MasterViewController.m in Sources */,
				B38CF43114762A2C006E3CE4 /* DetailViewController.m in Sources */,
			);
			runOnlyForDeploymentPostprocessing = 0;
		};
		B38CF43814762A2D006E3CE4 /* Sources */ = {
			isa = PBXSourcesBuildPhase;
			buildActionMask = 2147483647;
			files = (
				B38CF44C14762A2D006E3CE4 /* Saltfactory_iOS_TutorialTests.m in Sources */,
			);
			runOnlyForDeploymentPostprocessing = 0;
		};
/* End PBXSourcesBuildPhase section */

/* Begin PBXTargetDependency section */
		B38CF44314762A2D006E3CE4 /* PBXTargetDependency */ = {
			isa = PBXTargetDependency;
			target = B38CF41514762A2C006E3CE4 /* Saltfactory_iOS_Tutorial */;
			targetProxy = B38CF44214762A2D006E3CE4 /* PBXContainerItemProxy */;
		};
/* End PBXTargetDependency section */

/* Begin PBXVariantGroup section */
		B38CF42314762A2C006E3CE4 /* InfoPlist.strings */ = {
			isa = PBXVariantGroup;
			children = (
				B38CF42414762A2C006E3CE4 /* en */,
			);
			name = InfoPlist.strings;
			sourceTree = "<group>";
		};
		B38CF43214762A2C006E3CE4 /* MasterViewController.xib */ = {
			isa = PBXVariantGroup;
			children = (
				B38CF43314762A2C006E3CE4 /* en */,
			);
			name = MasterViewController.xib;
			sourceTree = "<group>";
		};
		B38CF43514762A2C006E3CE4 /* DetailViewController.xib */ = {
			isa = PBXVariantGroup;
			children = (
				B38CF43614762A2C006E3CE4 /* en */,
			);
			name = DetailViewController.xib;
			sourceTree = "<group>";
		};
		B38CF44714762A2D006E3CE4 /* InfoPlist.strings */ = {
			isa = PBXVariantGroup;
			children = (
				B38CF44814762A2D006E3CE4 /* en */,
			);
			name = InfoPlist.strings;
			sourceTree = "<group>";
		};
/* End PBXVariantGroup section */

/* Begin XCBuildConfiguration section */
		B38CF44D14762A2D006E3CE4 /* Debug */ = {
			isa = XCBuildConfiguration;
			buildSettings = {
				ALWAYS_SEARCH_USER_PATHS = NO;
				ARCHS = "$(ARCHS_STANDARD_32_BIT)";
				CLANG_ENABLE_OBJC_ARC = YES;
				"CODE_SIGN_IDENTITY[sdk=iphoneos*]" = "iPhone Developer";
				COPY_PHASE_STRIP = NO;
				GCC_C_LANGUAGE_STANDARD = gnu99;
				GCC_DYNAMIC_NO_PIC = NO;
				GCC_OPTIMIZATION_LEVEL = 0;
				GCC_PREPROCESSOR_DEFINITIONS = (
					"DEBUG=1",
					"$(inherited)",
				);
				GCC_SYMBOLS_PRIVATE_EXTERN = NO;
				GCC_VERSION = com.apple.compilers.llvm.clang.1_0;
				GCC_WARN_ABOUT_MISSING_PROTOTYPES = YES;
				GCC_WARN_ABOUT_RETURN_TYPE = YES;
				GCC_WARN_UNUSED_VARIABLE = YES;
				IPHONEOS_DEPLOYMENT_TARGET = 5.0;
				SDKROOT = iphoneos;
			};
			name = Debug;
		};
		B38CF44E14762A2D006E3CE4 /* Release */ = {
			isa = XCBuildConfiguration;
			buildSettings = {
				ALWAYS_SEARCH_USER_PATHS = NO;
				ARCHS = "$(ARCHS_STANDARD_32_BIT)";
				CLANG_ENABLE_OBJC_ARC = YES;
				"CODE_SIGN_IDENTITY[sdk=iphoneos*]" = "iPhone Developer";
				COPY_PHASE_STRIP = YES;
				GCC_C_LANGUAGE_STANDARD = gnu99;
				GCC_VERSION = com.apple.compilers.llvm.clang.1_0;
				GCC_WARN_ABOUT_MISSING_PROTOTYPES = YES;
				GCC_WARN_ABOUT_RETURN_TYPE = YES;
				GCC_WARN_UNUSED_VARIABLE = YES;
				IPHONEOS_DEPLOYMENT_TARGET = 5.0;
				OTHER_CFLAGS = "-DNS_BLOCK_ASSERTIONS=1";
				SDKROOT = iphoneos;
				VALIDATE_PRODUCT = YES;
			};
			name = Release;
		};
		B38CF45014762A2D006E3CE4 /* Debug */ = {
			isa = XCBuildConfiguration;
			buildSettings = {
				GCC_PRECOMPILE_PREFIX_HEADER = YES;
				GCC_PREFIX_HEADER = "Saltfactory_iOS_Tutorial/Saltfactory_iOS_Tutorial-Prefix.pch";
				INFOPLIST_FILE = "Saltfactory_iOS_Tutorial/Saltfactory_iOS_Tutorial-Info.plist";
				PRODUCT_NAME = "$(TARGET_NAME)";
				WRAPPER_EXTENSION = app;
			};
			name = Debug;
		};
		B38CF45114762A2D006E3CE4 /* Release */ = {
			isa = XCBuildConfiguration;
			buildSettings = {
				GCC_PRECOMPILE_PREFIX_HEADER = YES;
				GCC_PREFIX_HEADER = "Saltfactory_iOS_Tutorial/Saltfactory_iOS_Tutorial-Prefix.pch";
				INFOPLIST_FILE = "Saltfactory_iOS_Tutorial/Saltfactory_iOS_Tutorial-Info.plist";
				PRODUCT_NAME = "$(TARGET_NAME)";
				WRAPPER_EXTENSION = app;
			};
			name = Release;
		};
		B38CF45314762A2D006E3CE4 /* Debug */ = {
			isa = XCBuildConfiguration;
			buildSettings = {
				BUNDLE_LOADER = "$(BUILT_PRODUCTS_DIR)/Saltfactory_iOS_Tutorial.app/Saltfactory_iOS_Tutorial";
				FRAMEWORK_SEARCH_PATHS = (
					"$(SDKROOT)/Developer/Library/Frameworks",
					"$(DEVELOPER_LIBRARY_DIR)/Frameworks",
				);
				GCC_PRECOMPILE_PREFIX_HEADER = YES;
				GCC_PREFIX_HEADER = "Saltfactory_iOS_Tutorial/Saltfactory_iOS_Tutorial-Prefix.pch";
				INFOPLIST_FILE = "Saltfactory_iOS_TutorialTests/Saltfactory_iOS_TutorialTests-Info.plist";
				PRODUCT_NAME = "$(TARGET_NAME)";
				TEST_HOST = "$(BUNDLE_LOADER)";
				WRAPPER_EXTENSION = octest;
			};
			name = Debug;
		};
		B38CF45414762A2D006E3CE4 /* Release */ = {
			isa = XCBuildConfiguration;
			buildSettings = {
				BUNDLE_LOADER = "$(BUILT_PRODUCTS_DIR)/Saltfactory_iOS_Tutorial.app/Saltfactory_iOS_Tutorial";
				FRAMEWORK_SEARCH_PATHS = (
					"$(SDKROOT)/Developer/Library/Frameworks",
					"$(DEVELOPER_LIBRARY_DIR)/Frameworks",
				);
				GCC_PRECOMPILE_PREFIX_HEADER = YES;
				GCC_PREFIX_HEADER = "Saltfactory_iOS_Tutorial/Saltfactory_iOS_Tutorial-Prefix.pch";
				INFOPLIST_FILE = "Saltfactory_iOS_TutorialTests/Saltfactory_iOS_TutorialTests-Info.plist";
				PRODUCT_NAME = "$(TARGET_NAME)";
				TEST_HOST = "$(BUNDLE_LOADER)";
				WRAPPER_EXTENSION = octest;
			};
			name = Release;
		};
/* End XCBuildConfiguration section */

/* Begin XCConfigurationList section */
		B38CF41014762A2C006E3CE4 /* Build configuration list for PBXProject "Saltfactory_iOS_Tutorial" */ = {
			isa = XCConfigurationList;
			buildConfigurations = (
				B38CF44D14762A2D006E3CE4 /* Debug */,
				B38CF44E14762A2D006E3CE4 /* Release */,
			);
			defaultConfigurationIsVisible = 0;
			defaultConfigurationName = Release;
		};
		B38CF44F14762A2D006E3CE4 /* Build configuration list for PBXNativeTarget "Saltfactory_iOS_Tutorial" */ = {
			isa = XCConfigurationList;
			buildConfigurations = (
				B38CF45014762A2D006E3CE4 /* Debug */,
				B38CF45114762A2D006E3CE4 /* Release */,
			);
			defaultConfigurationIsVisible = 0;
		};
		B38CF45214762A2D006E3CE4 /* Build configuration list for PBXNativeTarget "Saltfactory_iOS_TutorialTests" */ = {
			isa = XCConfigurationList;
			buildConfigurations = (
				B38CF45314762A2D006E3CE4 /* Debug */,
				B38CF45414762A2D006E3CE4 /* Release */,
			);
			defaultConfigurationIsVisible = 0;
		};
/* End XCConfigurationList section */
	};
	rootObject = B38CF40D14762A2C006E3CE4 /* Project object */;
}
