// !$*UTF8*$!
{
	archiveVersion = 1;
	classes = {
	};
	objectVersion = 46;
	objects = {

/* Begin PBXBuildFile section */
		B36B294615D4A071006719DC /* UIKit.framework in Frameworks */ = {isa = PBXBuildFile; fileRef = B36B294515D4A071006719DC /* UIKit.framework */; };
		B36B294815D4A071006719DC /* Foundation.framework in Frameworks */ = {isa = PBXBuildFile; fileRef = B36B294715D4A071006719DC /* Foundation.framework */; };
		B36B294A15D4A071006719DC /* CoreGraphics.framework in Frameworks */ = {isa = PBXBuildFile; fileRef = B36B294915D4A071006719DC /* CoreGraphics.framework */; };
		B36B294C15D4A071006719DC /* CoreData.framework in Frameworks */ = {isa = PBXBuildFile; fileRef = B36B294B15D4A071006719DC /* CoreData.framework */; };
		B36B295215D4A071006719DC /* InfoPlist.strings in Resources */ = {isa = PBXBuildFile; fileRef = B36B295015D4A071006719DC /* InfoPlist.strings */; };
		B36B295415D4A071006719DC /* main.m in Sources */ = {isa = PBXBuildFile; fileRef = B36B295315D4A071006719DC /* main.m */; };
		B36B295B15D4A071006719DC /* SFTableViewTutorial.xcdatamodeld in Sources */ = {isa = PBXBuildFile; fileRef = B36B295915D4A071006719DC /* SFTableViewTutorial.xcdatamodeld */; };
		B36B296315D4A071006719DC /* SenTestingKit.framework in Frameworks */ = {isa = PBXBuildFile; fileRef = B36B296215D4A071006719DC /* SenTestingKit.framework */; };
		B36B296415D4A071006719DC /* UIKit.framework in Frameworks */ = {isa = PBXBuildFile; fileRef = B36B294515D4A071006719DC /* UIKit.framework */; };
		B36B296515D4A071006719DC /* Foundation.framework in Frameworks */ = {isa = PBXBuildFile; fileRef = B36B294715D4A071006719DC /* Foundation.framework */; };
		B36B296615D4A071006719DC /* CoreData.framework in Frameworks */ = {isa = PBXBuildFile; fileRef = B36B294B15D4A071006719DC /* CoreData.framework */; };
		B36B296E15D4A071006719DC /* InfoPlist.strings in Resources */ = {isa = PBXBuildFile; fileRef = B36B296C15D4A071006719DC /* InfoPlist.strings */; };
		B36B297115D4A071006719DC /* SFTableViewTutorialTests.m in Sources */ = {isa = PBXBuildFile; fileRef = B36B297015D4A071006719DC /* SFTableViewTutorialTests.m */; };
		B36B297C15D4A08C006719DC /* SFAppDelegate.m in Sources */ = {isa = PBXBuildFile; fileRef = B36B297B15D4A08C006719DC /* SFAppDelegate.m */; };
		B36B297F15D4A25F006719DC /* SFTableViewController.m in Sources */ = {isa = PBXBuildFile; fileRef = B36B297E15D4A25F006719DC /* SFTableViewController.m */; };
/* End PBXBuildFile section */

/* Begin PBXContainerItemProxy section */
		B36B296715D4A071006719DC /* PBXContainerItemProxy */ = {
			isa = PBXContainerItemProxy;
			containerPortal = B36B293815D4A071006719DC /* Project object */;
			proxyType = 1;
			remoteGlobalIDString = B36B294015D4A071006719DC;
			remoteInfo = SFTableViewTutorial;
		};
/* End PBXContainerItemProxy section */

/* Begin PBXFileReference section */
		B36B294115D4A071006719DC /* SFTableViewTutorial.app */ = {isa = PBXFileReference; explicitFileType = wrapper.application; includeInIndex = 0; path = SFTableViewTutorial.app; sourceTree = BUILT_PRODUCTS_DIR; };
		B36B294515D4A071006719DC /* UIKit.framework */ = {isa = PBXFileReference; lastKnownFileType = wrapper.framework; name = UIKit.framework; path = System/Library/Frameworks/UIKit.framework; sourceTree = SDKROOT; };
		B36B294715D4A071006719DC /* Foundation.framework */ = {isa = PBXFileReference; lastKnownFileType = wrapper.framework; name = Foundation.framework; path = System/Library/Frameworks/Foundation.framework; sourceTree = SDKROOT; };
		B36B294915D4A071006719DC /* CoreGraphics.framework */ = {isa = PBXFileReference; lastKnownFileType = wrapper.framework; name = CoreGraphics.framework; path = System/Library/Frameworks/CoreGraphics.framework; sourceTree = SDKROOT; };
		B36B294B15D4A071006719DC /* CoreData.framework */ = {isa = PBXFileReference; lastKnownFileType = wrapper.framework; name = CoreData.framework; path = System/Library/Frameworks/CoreData.framework; sourceTree = SDKROOT; };
		B36B294F15D4A071006719DC /* SFTableViewTutorial-Info.plist */ = {isa = PBXFileReference; lastKnownFileType = text.plist.xml; path = "SFTableViewTutorial-Info.plist"; sourceTree = "<group>"; };
		B36B295115D4A071006719DC /* en */ = {isa = PBXFileReference; lastKnownFileType = text.plist.strings; name = en; path = en.lproj/InfoPlist.strings; sourceTree = "<group>"; };
		B36B295315D4A071006719DC /* main.m */ = {isa = PBXFileReference; lastKnownFileType = sourcecode.c.objc; path = main.m; sourceTree = "<group>"; };
		B36B295515D4A071006719DC /* SFTableViewTutorial-Prefix.pch */ = {isa = PBXFileReference; lastKnownFileType = sourcecode.c.h; path = "SFTableViewTutorial-Prefix.pch"; sourceTree = "<group>"; };
		B36B295A15D4A071006719DC /* SFTableViewTutorial.xcdatamodel */ = {isa = PBXFileReference; lastKnownFileType = wrapper.xcdatamodel; path = SFTableViewTutorial.xcdatamodel; sourceTree = "<group>"; };
		B36B296115D4A071006719DC /* SFTableViewTutorialTests.octest */ = {isa = PBXFileReference; explicitFileType = wrapper.cfbundle; includeInIndex = 0; path = SFTableViewTutorialTests.octest; sourceTree = BUILT_PRODUCTS_DIR; };
		B36B296215D4A071006719DC /* SenTestingKit.framework */ = {isa = PBXFileReference; lastKnownFileType = wrapper.framework; name = SenTestingKit.framework; path = Library/Frameworks/SenTestingKit.framework; sourceTree = DEVELOPER_DIR; };
		B36B296B15D4A071006719DC /* SFTableViewTutorialTests-Info.plist */ = {isa = PBXFileReference; lastKnownFileType = text.plist.xml; path = "SFTableViewTutorialTests-Info.plist"; sourceTree = "<group>"; };
		B36B296D15D4A071006719DC /* en */ = {isa = PBXFileReference; lastKnownFileType = text.plist.strings; name = en; path = en.lproj/InfoPlist.strings; sourceTree = "<group>"; };
		B36B296F15D4A071006719DC /* SFTableViewTutorialTests.h */ = {isa = PBXFileReference; lastKnownFileType = sourcecode.c.h; path = SFTableViewTutorialTests.h; sourceTree = "<group>"; };
		B36B297015D4A071006719DC /* SFTableViewTutorialTests.m */ = {isa = PBXFileReference; lastKnownFileType = sourcecode.c.objc; path = SFTableViewTutorialTests.m; sourceTree = "<group>"; };
		B36B297A15D4A08C006719DC /* SFAppDelegate.h */ = {isa = PBXFileReference; fileEncoding = 4; lastKnownFileType = sourcecode.c.h; path = SFAppDelegate.h; sourceTree = "<group>"; };
		B36B297B15D4A08C006719DC /* SFAppDelegate.m */ = {isa = PBXFileReference; fileEncoding = 4; lastKnownFileType = sourcecode.c.objc; path = SFAppDelegate.m; sourceTree = "<group>"; };
		B36B297D15D4A25F006719DC /* SFTableViewController.h */ = {isa = PBXFileReference; fileEncoding = 4; lastKnownFileType = sourcecode.c.h; name = SFTableViewController.h; path = "../../../Sources/t3-tableview/SFTableViewController.h"; sourceTree = "<group>"; };
		B36B297E15D4A25F006719DC /* SFTableViewController.m */ = {isa = PBXFileReference; fileEncoding = 4; lastKnownFileType = sourcecode.c.objc; name = SFTableViewController.m; path = "../../../Sources/t3-tableview/SFTableViewController.m"; sourceTree = "<group>"; };
/* End PBXFileReference section */

/* Begin PBXFrameworksBuildPhase section */
		B36B293E15D4A071006719DC /* Frameworks */ = {
			isa = PBXFrameworksBuildPhase;
			buildActionMask = 2147483647;
			files = (
				B36B294615D4A071006719DC /* UIKit.framework in Frameworks */,
				B36B294815D4A071006719DC /* Foundation.framework in Frameworks */,
				B36B294A15D4A071006719DC /* CoreGraphics.framework in Frameworks */,
				B36B294C15D4A071006719DC /* CoreData.framework in Frameworks */,
			);
			runOnlyForDeploymentPostprocessing = 0;
		};
		B36B295D15D4A071006719DC /* Frameworks */ = {
			isa = PBXFrameworksBuildPhase;
			buildActionMask = 2147483647;
			files = (
				B36B296315D4A071006719DC /* SenTestingKit.framework in Frameworks */,
				B36B296415D4A071006719DC /* UIKit.framework in Frameworks */,
				B36B296515D4A071006719DC /* Foundation.framework in Frameworks */,
				B36B296615D4A071006719DC /* CoreData.framework in Frameworks */,
			);
			runOnlyForDeploymentPostprocessing = 0;
		};
/* End PBXFrameworksBuildPhase section */

/* Begin PBXGroup section */
		B36B293615D4A071006719DC = {
			isa = PBXGroup;
			children = (
				B36B294D15D4A071006719DC /* SFTableViewTutorial */,
				B36B296915D4A071006719DC /* SFTableViewTutorialTests */,
				B36B294415D4A071006719DC /* Frameworks */,
				B36B294215D4A071006719DC /* Products */,
			);
			sourceTree = "<group>";
		};
		B36B294215D4A071006719DC /* Products */ = {
			isa = PBXGroup;
			children = (
				B36B294115D4A071006719DC /* SFTableViewTutorial.app */,
				B36B296115D4A071006719DC /* SFTableViewTutorialTests.octest */,
			);
			name = Products;
			sourceTree = "<group>";
		};
		B36B294415D4A071006719DC /* Frameworks */ = {
			isa = PBXGroup;
			children = (
				B36B294515D4A071006719DC /* UIKit.framework */,
				B36B294715D4A071006719DC /* Foundation.framework */,
				B36B294915D4A071006719DC /* CoreGraphics.framework */,
				B36B294B15D4A071006719DC /* CoreData.framework */,
				B36B296215D4A071006719DC /* SenTestingKit.framework */,
			);
			name = Frameworks;
			sourceTree = "<group>";
		};
		B36B294D15D4A071006719DC /* SFTableViewTutorial */ = {
			isa = PBXGroup;
			children = (
				B36B297A15D4A08C006719DC /* SFAppDelegate.h */,
				B36B297B15D4A08C006719DC /* SFAppDelegate.m */,
				B36B295915D4A071006719DC /* SFTableViewTutorial.xcdatamodeld */,
				B36B294E15D4A071006719DC /* Supporting Files */,
				B36B297D15D4A25F006719DC /* SFTableViewController.h */,
				B36B297E15D4A25F006719DC /* SFTableViewController.m */,
			);
			path = SFTableViewTutorial;
			sourceTree = "<group>";
		};
		B36B294E15D4A071006719DC /* Supporting Files */ = {
			isa = PBXGroup;
			children = (
				B36B294F15D4A071006719DC /* SFTableViewTutorial-Info.plist */,
				B36B295015D4A071006719DC /* InfoPlist.strings */,
				B36B295315D4A071006719DC /* main.m */,
				B36B295515D4A071006719DC /* SFTableViewTutorial-Prefix.pch */,
			);
			name = "Supporting Files";
			sourceTree = "<group>";
		};
		B36B296915D4A071006719DC /* SFTableViewTutorialTests */ = {
			isa = PBXGroup;
			children = (
				B36B296F15D4A071006719DC /* SFTableViewTutorialTests.h */,
				B36B297015D4A071006719DC /* SFTableViewTutorialTests.m */,
				B36B296A15D4A071006719DC /* Supporting Files */,
			);
			path = SFTableViewTutorialTests;
			sourceTree = "<group>";
		};
		B36B296A15D4A071006719DC /* Supporting Files */ = {
			isa = PBXGroup;
			children = (
				B36B296B15D4A071006719DC /* SFTableViewTutorialTests-Info.plist */,
				B36B296C15D4A071006719DC /* InfoPlist.strings */,
			);
			name = "Supporting Files";
			sourceTree = "<group>";
		};
/* End PBXGroup section */

/* Begin PBXNativeTarget section */
		B36B294015D4A071006719DC /* SFTableViewTutorial */ = {
			isa = PBXNativeTarget;
			buildConfigurationList = B36B297415D4A071006719DC /* Build configuration list for PBXNativeTarget "SFTableViewTutorial" */;
			buildPhases = (
				B36B293D15D4A071006719DC /* Sources */,
				B36B293E15D4A071006719DC /* Frameworks */,
				B36B293F15D4A071006719DC /* Resources */,
			);
			buildRules = (
			);
			dependencies = (
			);
			name = SFTableViewTutorial;
			productName = SFTableViewTutorial;
			productReference = B36B294115D4A071006719DC /* SFTableViewTutorial.app */;
			productType = "com.apple.product-type.application";
		};
		B36B296015D4A071006719DC /* SFTableViewTutorialTests */ = {
			isa = PBXNativeTarget;
			buildConfigurationList = B36B297715D4A071006719DC /* Build configuration list for PBXNativeTarget "SFTableViewTutorialTests" */;
			buildPhases = (
				B36B295C15D4A071006719DC /* Sources */,
				B36B295D15D4A071006719DC /* Frameworks */,
				B36B295E15D4A071006719DC /* Resources */,
				B36B295F15D4A071006719DC /* ShellScript */,
			);
			buildRules = (
			);
			dependencies = (
				B36B296815D4A071006719DC /* PBXTargetDependency */,
			);
			name = SFTableViewTutorialTests;
			productName = SFTableViewTutorialTests;
			productReference = B36B296115D4A071006719DC /* SFTableViewTutorialTests.octest */;
			productType = "com.apple.product-type.bundle";
		};
/* End PBXNativeTarget section */

/* Begin PBXProject section */
		B36B293815D4A071006719DC /* Project object */ = {
			isa = PBXProject;
			attributes = {
				CLASSPREFIX = SF;
				LastUpgradeCheck = 0440;
				ORGANIZATIONNAME = saltfactory.net;
			};
			buildConfigurationList = B36B293B15D4A071006719DC /* Build configuration list for PBXProject "SFTableViewTutorial" */;
			compatibilityVersion = "Xcode 3.2";
			developmentRegion = English;
			hasScannedForEncodings = 0;
			knownRegions = (
				en,
			);
			mainGroup = B36B293615D4A071006719DC;
			productRefGroup = B36B294215D4A071006719DC /* Products */;
			projectDirPath = "";
			projectRoot = "";
			targets = (
				B36B294015D4A071006719DC /* SFTableViewTutorial */,
				B36B296015D4A071006719DC /* SFTableViewTutorialTests */,
			);
		};
/* End PBXProject section */

/* Begin PBXResourcesBuildPhase section */
		B36B293F15D4A071006719DC /* Resources */ = {
			isa = PBXResourcesBuildPhase;
			buildActionMask = 2147483647;
			files = (
				B36B295215D4A071006719DC /* InfoPlist.strings in Resources */,
			);
			runOnlyForDeploymentPostprocessing = 0;
		};
		B36B295E15D4A071006719DC /* Resources */ = {
			isa = PBXResourcesBuildPhase;
			buildActionMask = 2147483647;
			files = (
				B36B296E15D4A071006719DC /* InfoPlist.strings in Resources */,
			);
			runOnlyForDeploymentPostprocessing = 0;
		};
/* End PBXResourcesBuildPhase section */

/* Begin PBXShellScriptBuildPhase section */
		B36B295F15D4A071006719DC /* ShellScript */ = {
			isa = PBXShellScriptBuildPhase;
			buildActionMask = 2147483647;
			files = (
			);
			inputPaths = (
			);
			outputPaths = (
			);
			runOnlyForDeploymentPostprocessing = 0;
			shellPath = /bin/sh;
			shellScript = "# Run the unit tests in this test bundle.\n\"${SYSTEM_DEVELOPER_DIR}/Tools/RunUnitTests\"\n";
		};
/* End PBXShellScriptBuildPhase section */

/* Begin PBXSourcesBuildPhase section */
		B36B293D15D4A071006719DC /* Sources */ = {
			isa = PBXSourcesBuildPhase;
			buildActionMask = 2147483647;
			files = (
				B36B295415D4A071006719DC /* main.m in Sources */,
				B36B295B15D4A071006719DC /* SFTableViewTutorial.xcdatamodeld in Sources */,
				B36B297C15D4A08C006719DC /* SFAppDelegate.m in Sources */,
				B36B297F15D4A25F006719DC /* SFTableViewController.m in Sources */,
			);
			runOnlyForDeploymentPostprocessing = 0;
		};
		B36B295C15D4A071006719DC /* Sources */ = {
			isa = PBXSourcesBuildPhase;
			buildActionMask = 2147483647;
			files = (
				B36B297115D4A071006719DC /* SFTableViewTutorialTests.m in Sources */,
			);
			runOnlyForDeploymentPostprocessing = 0;
		};
/* End PBXSourcesBuildPhase section */

/* Begin PBXTargetDependency section */
		B36B296815D4A071006719DC /* PBXTargetDependency */ = {
			isa = PBXTargetDependency;
			target = B36B294015D4A071006719DC /* SFTableViewTutorial */;
			targetProxy = B36B296715D4A071006719DC /* PBXContainerItemProxy */;
		};
/* End PBXTargetDependency section */

/* Begin PBXVariantGroup section */
		B36B295015D4A071006719DC /* InfoPlist.strings */ = {
			isa = PBXVariantGroup;
			children = (
				B36B295115D4A071006719DC /* en */,
			);
			name = InfoPlist.strings;
			sourceTree = "<group>";
		};
		B36B296C15D4A071006719DC /* InfoPlist.strings */ = {
			isa = PBXVariantGroup;
			children = (
				B36B296D15D4A071006719DC /* en */,
			);
			name = InfoPlist.strings;
			sourceTree = "<group>";
		};
/* End PBXVariantGroup section */

/* Begin XCBuildConfiguration section */
		B36B297215D4A071006719DC /* Debug */ = {
			isa = XCBuildConfiguration;
			buildSettings = {
				ALWAYS_SEARCH_USER_PATHS = NO;
				ARCHS = "$(ARCHS_STANDARD_32_BIT)";
				CLANG_CXX_LANGUAGE_STANDARD = "gnu++0x";
				CLANG_ENABLE_OBJC_ARC = YES;
				CLANG_WARN__DUPLICATE_METHOD_MATCH = YES;
				"CODE_SIGN_IDENTITY[sdk=iphoneos*]" = "iPhone Developer";
				COPY_PHASE_STRIP = NO;
				GCC_C_LANGUAGE_STANDARD = gnu99;
				GCC_DYNAMIC_NO_PIC = NO;
				GCC_OPTIMIZATION_LEVEL = 0;
				GCC_PREPROCESSOR_DEFINITIONS = (
					"DEBUG=1",
					"$(inherited)",
				);
				GCC_SYMBOLS_PRIVATE_EXTERN = NO;
				GCC_VERSION = com.apple.compilers.llvm.clang.1_0;
				GCC_WARN_ABOUT_RETURN_TYPE = YES;
				GCC_WARN_UNINITIALIZED_AUTOS = YES;
				GCC_WARN_UNUSED_VARIABLE = YES;
				IPHONEOS_DEPLOYMENT_TARGET = 5.1;
				SDKROOT = iphoneos;
			};
			name = Debug;
		};
		B36B297315D4A071006719DC /* Release */ = {
			isa = XCBuildConfiguration;
			buildSettings = {
				ALWAYS_SEARCH_USER_PATHS = NO;
				ARCHS = "$(ARCHS_STANDARD_32_BIT)";
				CLANG_CXX_LANGUAGE_STANDARD = "gnu++0x";
				CLANG_ENABLE_OBJC_ARC = YES;
				CLANG_WARN__DUPLICATE_METHOD_MATCH = YES;
				"CODE_SIGN_IDENTITY[sdk=iphoneos*]" = "iPhone Developer";
				COPY_PHASE_STRIP = YES;
				GCC_C_LANGUAGE_STANDARD = gnu99;
				GCC_VERSION = com.apple.compilers.llvm.clang.1_0;
				GCC_WARN_ABOUT_RETURN_TYPE = YES;
				GCC_WARN_UNINITIALIZED_AUTOS = YES;
				GCC_WARN_UNUSED_VARIABLE = YES;
				IPHONEOS_DEPLOYMENT_TARGET = 5.1;
				OTHER_CFLAGS = "-DNS_BLOCK_ASSERTIONS=1";
				SDKROOT = iphoneos;
				VALIDATE_PRODUCT = YES;
			};
			name = Release;
		};
		B36B297515D4A071006719DC /* Debug */ = {
			isa = XCBuildConfiguration;
			buildSettings = {
				GCC_PRECOMPILE_PREFIX_HEADER = YES;
				GCC_PREFIX_HEADER = "SFTableViewTutorial/SFTableViewTutorial-Prefix.pch";
				INFOPLIST_FILE = "SFTableViewTutorial/SFTableViewTutorial-Info.plist";
				PRODUCT_NAME = "$(TARGET_NAME)";
				WRAPPER_EXTENSION = app;
			};
			name = Debug;
		};
		B36B297615D4A071006719DC /* Release */ = {
			isa = XCBuildConfiguration;
			buildSettings = {
				GCC_PRECOMPILE_PREFIX_HEADER = YES;
				GCC_PREFIX_HEADER = "SFTableViewTutorial/SFTableViewTutorial-Prefix.pch";
				INFOPLIST_FILE = "SFTableViewTutorial/SFTableViewTutorial-Info.plist";
				PRODUCT_NAME = "$(TARGET_NAME)";
				WRAPPER_EXTENSION = app;
			};
			name = Release;
		};
		B36B297815D4A071006719DC /* Debug */ = {
			isa = XCBuildConfiguration;
			buildSettings = {
				BUNDLE_LOADER = "$(BUILT_PRODUCTS_DIR)/SFTableViewTutorial.app/SFTableViewTutorial";
				FRAMEWORK_SEARCH_PATHS = (
					"\"$(SDKROOT)/Developer/Library/Frameworks\"",
					"\"$(DEVELOPER_LIBRARY_DIR)/Frameworks\"",
				);
				GCC_PRECOMPILE_PREFIX_HEADER = YES;
				GCC_PREFIX_HEADER = "SFTableViewTutorial/SFTableViewTutorial-Prefix.pch";
				INFOPLIST_FILE = "SFTableViewTutorialTests/SFTableViewTutorialTests-Info.plist";
				PRODUCT_NAME = "$(TARGET_NAME)";
				TEST_HOST = "$(BUNDLE_LOADER)";
				WRAPPER_EXTENSION = octest;
			};
			name = Debug;
		};
		B36B297915D4A071006719DC /* Release */ = {
			isa = XCBuildConfiguration;
			buildSettings = {
				BUNDLE_LOADER = "$(BUILT_PRODUCTS_DIR)/SFTableViewTutorial.app/SFTableViewTutorial";
				FRAMEWORK_SEARCH_PATHS = (
					"\"$(SDKROOT)/Developer/Library/Frameworks\"",
					"\"$(DEVELOPER_LIBRARY_DIR)/Frameworks\"",
				);
				GCC_PRECOMPILE_PREFIX_HEADER = YES;
				GCC_PREFIX_HEADER = "SFTableViewTutorial/SFTableViewTutorial-Prefix.pch";
				INFOPLIST_FILE = "SFTableViewTutorialTests/SFTableViewTutorialTests-Info.plist";
				PRODUCT_NAME = "$(TARGET_NAME)";
				TEST_HOST = "$(BUNDLE_LOADER)";
				WRAPPER_EXTENSION = octest;
			};
			name = Release;
		};
/* End XCBuildConfiguration section */

/* Begin XCConfigurationList section */
		B36B293B15D4A071006719DC /* Build configuration list for PBXProject "SFTableViewTutorial" */ = {
			isa = XCConfigurationList;
			buildConfigurations = (
				B36B297215D4A071006719DC /* Debug */,
				B36B297315D4A071006719DC /* Release */,
			);
			defaultConfigurationIsVisible = 0;
			defaultConfigurationName = Release;
		};
		B36B297415D4A071006719DC /* Build configuration list for PBXNativeTarget "SFTableViewTutorial" */ = {
			isa = XCConfigurationList;
			buildConfigurations = (
				B36B297515D4A071006719DC /* Debug */,
				B36B297615D4A071006719DC /* Release */,
			);
			defaultConfigurationIsVisible = 0;
		};
		B36B297715D4A071006719DC /* Build configuration list for PBXNativeTarget "SFTableViewTutorialTests" */ = {
			isa = XCConfigurationList;
			buildConfigurations = (
				B36B297815D4A071006719DC /* Debug */,
				B36B297915D4A071006719DC /* Release */,
			);
			defaultConfigurationIsVisible = 0;
		};
/* End XCConfigurationList section */

/* Begin XCVersionGroup section */
		B36B295915D4A071006719DC /* SFTableViewTutorial.xcdatamodeld */ = {
			isa = XCVersionGroup;
			children = (
				B36B295A15D4A071006719DC /* SFTableViewTutorial.xcdatamodel */,
			);
			currentVersion = B36B295A15D4A071006719DC /* SFTableViewTutorial.xcdatamodel */;
			path = SFTableViewTutorial.xcdatamodeld;
			sourceTree = "<group>";
			versionGroupType = wrapper.xcdatamodel;
		};
/* End XCVersionGroup section */
	};
	rootObject = B36B293815D4A071006719DC /* Project object */;
}
